{
  "name": "conformity-template-scanner",
  "version": "1.1.0",
  "lockfileVersion": 2,
  "requires": true,
  "packages": {
    "": {
      "name": "conformity-template-scanner",
      "version": "1.1.0",
      "license": "ISC",
      "dependencies": {
        "cloud-conformity": "^1.2.1"
      },
      "bin": {
        "conformity-scan": "scan.js"
      },
      "devDependencies": {}
    },
    "node_modules/@types/node": {
      "version": "16.11.11",
      "resolved": "https://registry.npmjs.org/@types/node/-/node-16.11.11.tgz",
      "integrity": "sha512-KB0sixD67CeecHC33MYn+eYARkqTheIRNuu97y2XMjR7Wu3XibO1vaY6VBV6O/a89SPI81cEUIYT87UqUWlZNw=="
    },
    "node_modules/axios": {
      "version": "0.24.0",
      "resolved": "https://registry.npmjs.org/axios/-/axios-0.24.0.tgz",
      "integrity": "sha512-Q6cWsys88HoPgAaFAVUb0WpPk0O8iTeisR9IMqy9G8AbO4NlpVknrnQS03zzF9PGAWgO3cgletO3VjV/P7VztA==",
      "dependencies": {
        "follow-redirects": "^1.14.4"
      }
    },
    "node_modules/cloud-conformity": {
      "version": "1.2.1",
      "resolved": "https://registry.npmjs.org/cloud-conformity/-/cloud-conformity-1.2.1.tgz",
      "integrity": "sha512-ZEe0sbiH/cfU8LklINui9wnqWGd1WVUaNhz+J6jqDOp0QgH6Lo8HSE+a3i+L9zI6/MZnAKB2CkfsuiTfuYiYRQ==",
      "dependencies": {
        "@types/node": "^16.11.11",
        "axios": "^0.24.0"
      }
    },
    "node_modules/follow-redirects": {
      "version": "1.15.6",
      "resolved": "https://registry.npmjs.org/follow-redirects/-/follow-redirects-1.15.6.tgz",
      "integrity": "sha512-wWN62YITEaOpSK584EZXJafH1AGpO8RVgElfkuXbTOrPX4fIfOyEpW/CsiNd8JdYrAoOvafRTOEnvsO++qCqFA==",
      "funding": [
        {
          "type": "individual",
          "url": "https://github.com/sponsors/RubenVerborgh"
        }
      ],
      "engines": {
        "node": ">=4.0"
      },
      "peerDependenciesMeta": {
        "debug": {
          "optional": true
        }
      }
    }
  },
  "dependencies": {
    "@types/node": {
      "version": "16.11.11",
      "resolved": "https://registry.npmjs.org/@types/node/-/node-16.11.11.tgz",
      "integrity": "sha512-KB0sixD67CeecHC33MYn+eYARkqTheIRNuu97y2XMjR7Wu3XibO1vaY6VBV6O/a89SPI81cEUIYT87UqUWlZNw=="
    },
    "axios": {
      "version": "0.24.0",
      "resolved": "https://registry.npmjs.org/axios/-/axios-0.24.0.tgz",
      "integrity": "sha512-Q6cWsys88HoPgAaFAVUb0WpPk0O8iTeisR9IMqy9G8AbO4NlpVknrnQS03zzF9PGAWgO3cgletO3VjV/P7VztA==",
      "requires": {
        "follow-redirects": "^1.14.4"
      }
    },
    "cloud-conformity": {
      "version": "1.2.1",
      "resolved": "https://registry.npmjs.org/cloud-conformity/-/cloud-conformity-1.2.1.tgz",
      "integrity": "sha512-ZEe0sbiH/cfU8LklINui9wnqWGd1WVUaNhz+J6jqDOp0QgH6Lo8HSE+a3i+L9zI6/MZnAKB2CkfsuiTfuYiYRQ==",
      "requires": {
        "@types/node": "^16.11.11",
        "axios": "^0.24.0"
      }
    },
    "follow-redirects": {
      "version": "1.15.6",
      "resolved": "https://registry.npmjs.org/follow-redirects/-/follow-redirects-1.15.6.tgz",
      "integrity": "sha512-wWN62YITEaOpSK584EZXJafH1AGpO8RVgElfkuXbTOrPX4fIfOyEpW/CsiNd8JdYrAoOvafRTOEnvsO++qCqFA=="
    }
  }
}
